
Microsoft Visual Studio Solution File, Format Version 12.00
# Visual Studio Version 18
VisualStudioVersion = 18.2.11415.280 d18.0
MinimumVisualStudioVersion = 10.0.40219.1
Project("{FAE04EC0-301F-11D3-BF4B-00C04F79EFBC}") = "M01A07", "M01A07.csproj", "{EB967F2A-B27D-4274-863B-7A74CEDBE570}"
EndProject
Project("{FAE04EC0-301F-11D3-BF4B-00C04F79EFBC}") = "M01A07b", "..\M01A07b\M01A07b.csproj", "{17F7BAE3-FF8C-4942-B322-C96652F13661}"
EndProject
Global
	GlobalSection(SolutionConfigurationPlatforms) = preSolution
		Debug|Any CPU = Debug|Any CPU
		Release|Any CPU = Release|Any CPU
	EndGlobalSection
	GlobalSection(ProjectConfigurationPlatforms) = postSolution
		{EB967F2A-B27D-4274-863B-7A74CEDBE570}.Debug|Any CPU.ActiveCfg = Debug|Any CPU
		{EB967F2A-B27D-4274-863B-7A74CEDBE570}.Debug|Any CPU.Build.0 = Debug|Any CPU
		{EB967F2A-B27D-4274-863B-7A74CEDBE570}.Release|Any CPU.ActiveCfg = Release|Any CPU
		{EB967F2A-B27D-4274-863B-7A74CEDBE570}.Release|Any CPU.Build.0 = Release|Any CPU
		{17F7BAE3-FF8C-4942-B322-C96652F13661}.Debug|Any CPU.ActiveCfg = Debug|Any CPU
		{17F7BAE3-FF8C-4942-B322-C96652F13661}.Debug|Any CPU.Build.0 = Debug|Any CPU
		{17F7BAE3-FF8C-4942-B322-C96652F13661}.Release|Any CPU.ActiveCfg = Release|Any CPU
		{17F7BAE3-FF8C-4942-B322-C96652F13661}.Release|Any CPU.Build.0 = Release|Any CPU
	EndGlobalSection
	GlobalSection(SolutionProperties) = preSolution
		HideSolutionNode = FALSE
	EndGlobalSection
EndGlobal
